# This file is automatically @generated by Cargo.
# It is not intended for manual editing.
version = 4

[[package]]
name = "espy-ears"
version = "0.1.0"
dependencies = [
 "espy-eyes",
]

[[package]]
name = "espy-eyes"
version = "0.1.0"

[[package]]
name = "espy-heart"
version = "0.1.0"

[[package]]
name = "espy-tail"
version = "0.1.0"
dependencies = [
 "espy-ears",
 "espy-eyes",
 "espy-heart",
]
